# This file is automatically @generated by Poetry 1.7.1 and should not be changed by hand.

[[package]]
name = "absl-py"
version = "1.4.0"
description = "Abseil Python Common Libraries, see https://github.com/abseil/abseil-py."
optional = false
python-versions = ">=3.6"
files = [
    {file = "absl-py-1.4.0.tar.gz", hash = "sha256:d2c244d01048ba476e7c080bd2c6df5e141d211de80223460d5b3b8a2a58433d"},
    {file = "absl_py-1.4.0-py3-none-any.whl", hash = "sha256:0d3fe606adfa4f7db64792dd4c7aee4ee0c38ab75dfd353b7a83ed3e957fcb47"},
]

[[package]]
name = "attrs"
version = "23.2.0"
description = "Classes Without Boilerplate"
optional = false
python-versions = ">=3.7"
files = [
    {file = "attrs-23.2.0-py3-none-any.whl", hash = "sha256:99b87a485a5820b23b879f04c2305b44b951b502fd64be915879d77a7e8fc6f1"},
    {file = "attrs-23.2.0.tar.gz", hash = "sha256:935dc3b529c262f6cf76e50877d35a4bd3c1de194fd41f47a2b7ae8f19971f30"},
]

[package.extras]
cov = ["attrs[tests]", "coverage[toml] (>=5.3)"]
dev = ["attrs[tests]", "pre-commit"]
docs = ["furo", "myst-parser", "sphinx", "sphinx-notfound-page", "sphinxcontrib-towncrier", "towncrier", "zope-interface"]
tests = ["attrs[tests-no-zope]", "zope-interface"]
tests-mypy = ["mypy (>=1.6)", "pytest-mypy-plugins"]
tests-no-zope = ["attrs[tests-mypy]", "cloudpickle", "hypothesis", "pympler", "pytest (>=4.3.0)", "pytest-xdist[psutil]"]

[[package]]
name = "grpcio"
version = "1.64.0"
description = "HTTP/2-based RPC framework"
optional = false
python-versions = ">=3.8"
files = [
    {file = "grpcio-1.64.0-cp310-cp310-linux_armv7l.whl", hash = "sha256:3b09c3d9de95461214a11d82cc0e6a46a6f4e1f91834b50782f932895215e5db"},
    {file = "grpcio-1.64.0-cp310-cp310-macosx_12_0_universal2.whl", hash = "sha256:7e013428ab472892830287dd082b7d129f4d8afef49227a28223a77337555eaa"},
    {file = "grpcio-1.64.0-cp310-cp310-manylinux_2_17_aarch64.whl", hash = "sha256:02cc9cc3f816d30f7993d0d408043b4a7d6a02346d251694d8ab1f78cc723e7e"},
    {file = "grpcio-1.64.0-cp310-cp310-manylinux_2_17_i686.manylinux2014_i686.whl", hash = "sha256:1f5de082d936e0208ce8db9095821361dfa97af8767a6607ae71425ac8ace15c"},
    {file = "grpcio-1.64.0-cp310-cp310-manylinux_2_17_x86_64.manylinux2014_x86_64.whl", hash = "sha256:d7b7bf346391dffa182fba42506adf3a84f4a718a05e445b37824136047686a1"},
    {file = "grpcio-1.64.0-cp310-cp310-musllinux_1_1_i686.whl", hash = "sha256:b2cbdfba18408389a1371f8c2af1659119e1831e5ed24c240cae9e27b4abc38d"},
    {file = "grpcio-1.64.0-cp310-cp310-musllinux_1_1_x86_64.whl", hash = "sha256:aca4f15427d2df592e0c8f3d38847e25135e4092d7f70f02452c0e90d6a02d6d"},
    {file = "grpcio-1.64.0-cp310-cp310-win32.whl", hash = "sha256:7c1f5b2298244472bcda49b599be04579f26425af0fd80d3f2eb5fd8bc84d106"},
    {file = "grpcio-1.64.0-cp310-cp310-win_amd64.whl", hash = "sha256:73f84f9e5985a532e47880b3924867de16fa1aa513fff9b26106220c253c70c5"},
    {file = "grpcio-1.64.0-cp311-cp311-linux_armv7l.whl", hash = "sha256:2a18090371d138a57714ee9bffd6c9c9cb2e02ce42c681aac093ae1e7189ed21"},
    {file = "grpcio-1.64.0-cp311-cp311-macosx_10_9_universal2.whl", hash = "sha256:59c68df3a934a586c3473d15956d23a618b8f05b5e7a3a904d40300e9c69cbf0"},
    {file = "grpcio-1.64.0-cp311-cp311-manylinux_2_17_aarch64.whl", hash = "sha256:b52e1ec7185512103dd47d41cf34ea78e7a7361ba460187ddd2416b480e0938c"},
    {file = "grpcio-1.64.0-cp311-cp311-manylinux_2_17_i686.manylinux2014_i686.whl", hash = "sha256:8d598b5d5e2c9115d7fb7e2cb5508d14286af506a75950762aa1372d60e41851"},
    {file = "grpcio-1.64.0-cp311-cp311-manylinux_2_17_x86_64.manylinux2014_x86_64.whl", hash = "sha256:01615bbcae6875eee8091e6b9414072f4e4b00d8b7e141f89635bdae7cf784e5"},
    {file = "grpcio-1.64.0-cp311-cp311-musllinux_1_1_i686.whl", hash = "sha256:0b2dfe6dcace264807d9123d483d4c43274e3f8c39f90ff51de538245d7a4145"},
    {file = "grpcio-1.64.0-cp311-cp311-musllinux_1_1_x86_64.whl", hash = "sha256:7f17572dc9acd5e6dfd3014d10c0b533e9f79cd9517fc10b0225746f4c24b58e"},
    {file = "grpcio-1.64.0-cp311-cp311-win32.whl", hash = "sha256:6ec5ed15b4ffe56e2c6bc76af45e6b591c9be0224b3fb090adfb205c9012367d"},
    {file = "grpcio-1.64.0-cp311-cp311-win_amd64.whl", hash = "sha256:597191370951b477b7a1441e1aaa5cacebeb46a3b0bd240ec3bb2f28298c7553"},
    {file = "grpcio-1.64.0-cp312-cp312-linux_armv7l.whl", hash = "sha256:1ce4cd5a61d4532651079e7aae0fedf9a80e613eed895d5b9743e66b52d15812"},
    {file = "grpcio-1.64.0-cp312-cp312-macosx_10_9_universal2.whl", hash = "sha256:650a8150a9b288f40d5b7c1d5400cc11724eae50bd1f501a66e1ea949173649b"},
    {file = "grpcio-1.64.0-cp312-cp312-manylinux_2_17_aarch64.whl", hash = "sha256:8de0399b983f8676a7ccfdd45e5b2caec74a7e3cc576c6b1eecf3b3680deda5e"},
    {file = "grpcio-1.64.0-cp312-cp312-manylinux_2_17_i686.manylinux2014_i686.whl", hash = "sha256:46b8b43ba6a2a8f3103f103f97996cad507bcfd72359af6516363c48793d5a7b"},
    {file = "grpcio-1.64.0-cp312-cp312-manylinux_2_17_x86_64.manylinux2014_x86_64.whl", hash = "sha256:a54362f03d4dcfae63be455d0a7d4c1403673498b92c6bfe22157d935b57c7a9"},
    {file = "grpcio-1.64.0-cp312-cp312-musllinux_1_1_i686.whl", hash = "sha256:1f8ea18b928e539046bb5f9c124d717fbf00cc4b2d960ae0b8468562846f5aa1"},
    {file = "grpcio-1.64.0-cp312-cp312-musllinux_1_1_x86_64.whl", hash = "sha256:c56c91bd2923ddb6e7ed28ebb66d15633b03e0df22206f22dfcdde08047e0a48"},
    {file = "grpcio-1.64.0-cp312-cp312-win32.whl", hash = "sha256:874c741c8a66f0834f653a69e7e64b4e67fcd4a8d40296919b93bab2ccc780ba"},
    {file = "grpcio-1.64.0-cp312-cp312-win_amd64.whl", hash = "sha256:0da1d921f8e4bcee307aeef6c7095eb26e617c471f8cb1c454fd389c5c296d1e"},
    {file = "grpcio-1.64.0-cp38-cp38-linux_armv7l.whl", hash = "sha256:c46fb6bfca17bfc49f011eb53416e61472fa96caa0979b4329176bdd38cbbf2a"},
    {file = "grpcio-1.64.0-cp38-cp38-macosx_10_9_universal2.whl", hash = "sha256:3d2004e85cf5213995d09408501f82c8534700d2babeb81dfdba2a3bff0bb396"},
    {file = "grpcio-1.64.0-cp38-cp38-manylinux_2_17_aarch64.whl", hash = "sha256:6d5541eb460d73a07418524fb64dcfe0adfbcd32e2dac0f8f90ce5b9dd6c046c"},
    {file = "grpcio-1.64.0-cp38-cp38-manylinux_2_17_i686.manylinux2014_i686.whl", hash = "sha256:1f279ad72dd7d64412e10f2443f9f34872a938c67387863c4cd2fb837f53e7d2"},
    {file = "grpcio-1.64.0-cp38-cp38-manylinux_2_17_x86_64.manylinux2014_x86_64.whl", hash = "sha256:85fda90b81da25993aa47fae66cae747b921f8f6777550895fb62375b776a231"},
    {file = "grpcio-1.64.0-cp38-cp38-musllinux_1_1_i686.whl", hash = "sha256:a053584079b793a54bece4a7d1d1b5c0645bdbee729215cd433703dc2532f72b"},
    {file = "grpcio-1.64.0-cp38-cp38-musllinux_1_1_x86_64.whl", hash = "sha256:579dd9fb11bc73f0de061cab5f8b2def21480fd99eb3743ed041ad6a1913ee2f"},
    {file = "grpcio-1.64.0-cp38-cp38-win32.whl", hash = "sha256:23b6887bb21d77649d022fa1859e05853fdc2e60682fd86c3db652a555a282e0"},
    {file = "grpcio-1.64.0-cp38-cp38-win_amd64.whl", hash = "sha256:753cb58683ba0c545306f4e17dabf468d29cb6f6b11832e1e432160bb3f8403c"},
    {file = "grpcio-1.64.0-cp39-cp39-linux_armv7l.whl", hash = "sha256:2186d76a7e383e1466e0ea2b0febc343ffeae13928c63c6ec6826533c2d69590"},
    {file = "grpcio-1.64.0-cp39-cp39-macosx_10_9_universal2.whl", hash = "sha256:0f30596cdcbed3c98024fb4f1d91745146385b3f9fd10c9f2270cbfe2ed7ed91"},
    {file = "grpcio-1.64.0-cp39-cp39-manylinux_2_17_aarch64.whl", hash = "sha256:d9171f025a196f5bcfec7e8e7ffb7c3535f7d60aecd3503f9e250296c7cfc150"},
    {file = "grpcio-1.64.0-cp39-cp39-manylinux_2_17_i686.manylinux2014_i686.whl", hash = "sha256:cf4c8daed18ae2be2f1fc7d613a76ee2a2e28fdf2412d5c128be23144d28283d"},
    {file = "grpcio-1.64.0-cp39-cp39-manylinux_2_17_x86_64.manylinux2014_x86_64.whl", hash = "sha256:3550493ac1d23198d46dc9c9b24b411cef613798dc31160c7138568ec26bc9b4"},
    {file = "grpcio-1.64.0-cp39-cp39-musllinux_1_1_i686.whl", hash = "sha256:3161a8f8bb38077a6470508c1a7301cd54301c53b8a34bb83e3c9764874ecabd"},
    {file = "grpcio-1.64.0-cp39-cp39-musllinux_1_1_x86_64.whl", hash = "sha256:2e8fabe2cc57a369638ab1ad8e6043721014fdf9a13baa7c0e35995d3a4a7618"},
    {file = "grpcio-1.64.0-cp39-cp39-win32.whl", hash = "sha256:31890b24d47b62cc27da49a462efe3d02f3c120edb0e6c46dcc0025506acf004"},
    {file = "grpcio-1.64.0-cp39-cp39-win_amd64.whl", hash = "sha256:5a56797dea8c02e7d3a85dfea879f286175cf4d14fbd9ab3ef2477277b927baa"},
    {file = "grpcio-1.64.0.tar.gz", hash = "sha256:257baf07f53a571c215eebe9679c3058a313fd1d1f7c4eede5a8660108c52d9c"},
]

[package.extras]
protobuf = ["grpcio-tools (>=1.64.0)"]

[[package]]
name = "ml-metadata"
version = "1.15.0"
description = "A library for maintaining metadata for artifacts."
optional = false
python-versions = "<4,>=3.9"
files = [
    {file = "ml_metadata-1.15.0-cp310-cp310-macosx_12_0_x86_64.whl", hash = "sha256:47b1267839b780cf78a0b4d3c89f48c85441f9b1ae15e4945fc1d66721ba80b9"},
    {file = "ml_metadata-1.15.0-cp310-cp310-manylinux_2_17_x86_64.manylinux2014_x86_64.whl", hash = "sha256:96f9acac134314f721b14e9c8d878694ca55dabd6d3587956c51de7a48459fec"},
    {file = "ml_metadata-1.15.0-cp39-cp39-macosx_12_0_x86_64.whl", hash = "sha256:9e4255d8ddb7ce77dbf76e8bda8e1de3867d54990d47fb313682f53edc28d48e"},
    {file = "ml_metadata-1.15.0-cp39-cp39-manylinux_2_17_x86_64.manylinux2014_x86_64.whl", hash = "sha256:9bb79d9984b308f2a5a8b0aea7b71985bbf5510a890cac31726f5e0425478620"},
]

[package.dependencies]
absl-py = ">=0.9,<2.0.0"
attrs = ">=20.3,<24"
grpcio = ">=1.8.6,<2"
protobuf = ">=3.20.3,<5"
six = ">=1.10,<2"

[[package]]
name = "protobuf"
version = "4.25.3"
description = ""
optional = false
python-versions = ">=3.8"
files = [
    {file = "protobuf-4.25.3-cp310-abi3-win32.whl", hash = "sha256:d4198877797a83cbfe9bffa3803602bbe1625dc30d8a097365dbc762e5790faa"},
    {file = "protobuf-4.25.3-cp310-abi3-win_amd64.whl", hash = "sha256:209ba4cc916bab46f64e56b85b090607a676f66b473e6b762e6f1d9d591eb2e8"},
    {file = "protobuf-4.25.3-cp37-abi3-macosx_10_9_universal2.whl", hash = "sha256:f1279ab38ecbfae7e456a108c5c0681e4956d5b1090027c1de0f934dfdb4b35c"},
    {file = "protobuf-4.25.3-cp37-abi3-manylinux2014_aarch64.whl", hash = "sha256:e7cb0ae90dd83727f0c0718634ed56837bfeeee29a5f82a7514c03ee1364c019"},
    {file = "protobuf-4.25.3-cp37-abi3-manylinux2014_x86_64.whl", hash = "sha256:7c8daa26095f82482307bc717364e7c13f4f1c99659be82890dcfc215194554d"},
    {file = "protobuf-4.25.3-cp38-cp38-win32.whl", hash = "sha256:f4f118245c4a087776e0a8408be33cf09f6c547442c00395fbfb116fac2f8ac2"},
    {file = "protobuf-4.25.3-cp38-cp38-win_amd64.whl", hash = "sha256:c053062984e61144385022e53678fbded7aea14ebb3e0305ae3592fb219ccfa4"},
    {file = "protobuf-4.25.3-cp39-cp39-win32.whl", hash = "sha256:19b270aeaa0099f16d3ca02628546b8baefe2955bbe23224aaf856134eccf1e4"},
    {file = "protobuf-4.25.3-cp39-cp39-win_amd64.whl", hash = "sha256:e3c97a1555fd6388f857770ff8b9703083de6bf1f9274a002a332d65fbb56c8c"},
    {file = "protobuf-4.25.3-py3-none-any.whl", hash = "sha256:f0700d54bcf45424477e46a9f0944155b46fb0639d69728739c0e47bab83f2b9"},
    {file = "protobuf-4.25.3.tar.gz", hash = "sha256:25b5d0b42fd000320bd7830b349e3b696435f3b329810427a6bcce6a5492cc5c"},
]

[[package]]
name = "six"
version = "1.16.0"
description = "Python 2 and 3 compatibility utilities"
optional = false
python-versions = ">=2.7, !=3.0.*, !=3.1.*, !=3.2.*"
files = [
    {file = "six-1.16.0-py2.py3-none-any.whl", hash = "sha256:8abb2f1d86890a2dfb989f9a77cfcfd3e47c2a354b01111771326f8aa26e0254"},
    {file = "six-1.16.0.tar.gz", hash = "sha256:1e61c37477a1626458e36f7b1d82aa5c9b094fa4802892072e49de9c60c4c926"},
]

[metadata]
lock-version = "2.0"
python-versions = "^3.11"
content-hash = "ad5929b25d1df8cda723b4df68c4d75e88fc9b618d3a2edd0aebe63b54cd88a7"
